
Microsoft Visual Studio Solution File, Format Version 12.00
# Visual Studio 14
VisualStudioVersion = 14.0.25420.1
MinimumVisualStudioVersion = 10.0.40219.1
Project("{2150E333-8FDC-42A3-9474-1A3956D46DE8}") = "src", "src", "{52DC2EDC-4935-4393-B737-CC8A1350B77F}"
EndProject
Project("{2150E333-8FDC-42A3-9474-1A3956D46DE8}") = "Solution Items", "Solution Items", "{75F5CF80-72BC-45A2-8E47-D39C3428C514}"
	ProjectSection(SolutionItems) = preProject
		global.json = global.json
	EndProjectSection
EndProject
Project("{8BB2217D-0F2D-49D1-97BC-3654ED321F3B}") = "LMS4Carroll", "src\LMS4Carroll\LMS4Carroll.xproj", "{85AA8792-BFA1-46F7-8A92-08F0810C68BC}"
EndProject
Global
	GlobalSection(SolutionConfigurationPlatforms) = preSolution
		Debug|Any CPU = Debug|Any CPU
		Release|Any CPU = Release|Any CPU
	EndGlobalSection
	GlobalSection(ProjectConfigurationPlatforms) = postSolution
		{85AA8792-BFA1-46F7-8A92-08F0810C68BC}.Debug|Any CPU.ActiveCfg = Debug|Any CPU
		{85AA8792-BFA1-46F7-8A92-08F0810C68BC}.Debug|Any CPU.Build.0 = Debug|Any CPU
		{85AA8792-BFA1-46F7-8A92-08F0810C68BC}.Release|Any CPU.ActiveCfg = Release|Any CPU
		{85AA8792-BFA1-46F7-8A92-08F0810C68BC}.Release|Any CPU.Build.0 = Release|Any CPU
	EndGlobalSection
	GlobalSection(SolutionProperties) = preSolution
		HideSolutionNode = FALSE
	EndGlobalSection
	GlobalSection(NestedProjects) = preSolution
		{85AA8792-BFA1-46F7-8A92-08F0810C68BC} = {52DC2EDC-4935-4393-B737-CC8A1350B77F}
	EndGlobalSection
EndGlobal
